
Microsoft Visual Studio Solution File, Format Version 12.00
# Visual Studio Version 17
VisualStudioVersion = 17.6.33815.320
MinimumVisualStudioVersion = 10.0.40219.1
Project("{FAE04EC0-301F-11D3-BF4B-00C04F79EFBC}") = "Homish.MongoDb.Api", "Homish.MongoDb.Api\Homish.MongoDb.Api.csproj", "{F233979A-1C8A-49D4-92A0-8A2A8EF30ADF}"
EndProject
Project("{FAE04EC0-301F-11D3-BF4B-00C04F79EFBC}") = "EntityLayer", "EntityLayer\EntityLayer.csproj", "{9271ECFF-28BD-40B7-85ED-8966A61FDE0D}"
EndProject
Project("{FAE04EC0-301F-11D3-BF4B-00C04F79EFBC}") = "DataAccessLayer", "DataAccessLayer\DataAccessLayer.csproj", "{BE4BBCBC-0CF5-442B-8DE9-455DBC267A4A}"
EndProject
Project("{FAE04EC0-301F-11D3-BF4B-00C04F79EFBC}") = "DtoLayer", "DtoLayer\DtoLayer.csproj", "{87E47E9A-C717-4DF0-B0F8-4B51C78FDB79}"
EndProject
Project("{FAE04EC0-301F-11D3-BF4B-00C04F79EFBC}") = "Homish.ApiConsume", "Homish.ApiConsume\Homish.ApiConsume.csproj", "{89E2D6CC-58E6-4CAC-9579-D7FA43DC60C4}"
EndProject
Global
	GlobalSection(SolutionConfigurationPlatforms) = preSolution
		Debug|Any CPU = Debug|Any CPU
		Release|Any CPU = Release|Any CPU
	EndGlobalSection
	GlobalSection(ProjectConfigurationPlatforms) = postSolution
		{F233979A-1C8A-49D4-92A0-8A2A8EF30ADF}.Debug|Any CPU.ActiveCfg = Debug|Any CPU
		{F233979A-1C8A-49D4-92A0-8A2A8EF30ADF}.Debug|Any CPU.Build.0 = Debug|Any CPU
		{F233979A-1C8A-49D4-92A0-8A2A8EF30ADF}.Release|Any CPU.ActiveCfg = Release|Any CPU
		{F233979A-1C8A-49D4-92A0-8A2A8EF30ADF}.Release|Any CPU.Build.0 = Release|Any CPU
		{9271ECFF-28BD-40B7-85ED-8966A61FDE0D}.Debug|Any CPU.ActiveCfg = Debug|Any CPU
		{9271ECFF-28BD-40B7-85ED-8966A61FDE0D}.Debug|Any CPU.Build.0 = Debug|Any CPU
		{9271ECFF-28BD-40B7-85ED-8966A61FDE0D}.Release|Any CPU.ActiveCfg = Release|Any CPU
		{9271ECFF-28BD-40B7-85ED-8966A61FDE0D}.Release|Any CPU.Build.0 = Release|Any CPU
		{BE4BBCBC-0CF5-442B-8DE9-455DBC267A4A}.Debug|Any CPU.ActiveCfg = Debug|Any CPU
		{BE4BBCBC-0CF5-442B-8DE9-455DBC267A4A}.Debug|Any CPU.Build.0 = Debug|Any CPU
		{BE4BBCBC-0CF5-442B-8DE9-455DBC267A4A}.Release|Any CPU.ActiveCfg = Release|Any CPU
		{BE4BBCBC-0CF5-442B-8DE9-455DBC267A4A}.Release|Any CPU.Build.0 = Release|Any CPU
		{87E47E9A-C717-4DF0-B0F8-4B51C78FDB79}.Debug|Any CPU.ActiveCfg = Debug|Any CPU
		{87E47E9A-C717-4DF0-B0F8-4B51C78FDB79}.Debug|Any CPU.Build.0 = Debug|Any CPU
		{87E47E9A-C717-4DF0-B0F8-4B51C78FDB79}.Release|Any CPU.ActiveCfg = Release|Any CPU
		{87E47E9A-C717-4DF0-B0F8-4B51C78FDB79}.Release|Any CPU.Build.0 = Release|Any CPU
		{89E2D6CC-58E6-4CAC-9579-D7FA43DC60C4}.Debug|Any CPU.ActiveCfg = Debug|Any CPU
		{89E2D6CC-58E6-4CAC-9579-D7FA43DC60C4}.Debug|Any CPU.Build.0 = Debug|Any CPU
		{89E2D6CC-58E6-4CAC-9579-D7FA43DC60C4}.Release|Any CPU.ActiveCfg = Release|Any CPU
		{89E2D6CC-58E6-4CAC-9579-D7FA43DC60C4}.Release|Any CPU.Build.0 = Release|Any CPU
	EndGlobalSection
	GlobalSection(SolutionProperties) = preSolution
		HideSolutionNode = FALSE
	EndGlobalSection
	GlobalSection(ExtensibilityGlobals) = postSolution
		SolutionGuid = {18CA0E3A-7CB8-4C0B-BF13-8988C3D85694}
	EndGlobalSection
EndGlobal
